// !$*UTF8*$!
{
	archiveVersion = 1;
	classes = {
	};
	objectVersion = 50;
	objects = {

/* Begin PBXBuildFile section */
		D83C6385247A55AF00CF0C3E /* AppDelegate.swift in Sources */ = {isa = PBXBuildFile; fileRef = D83C6384247A55AF00CF0C3E /* AppDelegate.swift */; };
		D83C6387247A55AF00CF0C3E /* SceneDelegate.swift in Sources */ = {isa = PBXBuildFile; fileRef = D83C6386247A55AF00CF0C3E /* SceneDelegate.swift */; };
		D83C6389247A55AF00CF0C3E /* ContentView.swift in Sources */ = {isa = PBXBuildFile; fileRef = D83C6388247A55AF00CF0C3E /* ContentView.swift */; };
		D83C638B247A55B200CF0C3E /* Assets.xcassets in Resources */ = {isa = PBXBuildFile; fileRef = D83C638A247A55B200CF0C3E /* Assets.xcassets */; };
		D83C638E247A55B200CF0C3E /* Preview Assets.xcassets in Resources */ = {isa = PBXBuildFile; fileRef = D83C638D247A55B200CF0C3E /* Preview Assets.xcassets */; };
		D83C6391247A55B200CF0C3E /* LaunchScreen.storyboard in Resources */ = {isa = PBXBuildFile; fileRef = D83C638F247A55B200CF0C3E /* LaunchScreen.storyboard */; };
/* End PBXBuildFile section */

/* Begin PBXFileReference section */
		D83C6381247A55AF00CF0C3E /* Stanford-SwiftUI.app */ = {isa = PBXFileReference; explicitFileType = wrapper.application; includeInIndex = 0; path = "Stanford-SwiftUI.app"; sourceTree = BUILT_PRODUCTS_DIR; };
		D83C6384247A55AF00CF0C3E /* AppDelegate.swift */ = {isa = PBXFileReference; lastKnownFileType = sourcecode.swift; path = AppDelegate.swift; sourceTree = "<group>"; };
		D83C6386247A55AF00CF0C3E /* SceneDelegate.swift */ = {isa = PBXFileReference; lastKnownFileType = sourcecode.swift; path = SceneDelegate.swift; sourceTree = "<group>"; };
		D83C6388247A55AF00CF0C3E /* ContentView.swift */ = {isa = PBXFileReference; lastKnownFileType = sourcecode.swift; path = ContentView.swift; sourceTree = "<group>"; };
		D83C638A247A55B200CF0C3E /* Assets.xcassets */ = {isa = PBXFileReference; lastKnownFileType = folder.assetcatalog; path = Assets.xcassets; sourceTree = "<group>"; };
		D83C638D247A55B200CF0C3E /* Preview Assets.xcassets */ = {isa = PBXFileReference; lastKnownFileType = folder.assetcatalog; path = "Preview Assets.xcassets"; sourceTree = "<group>"; };
		D83C6390247A55B200CF0C3E /* Base */ = {isa = PBXFileReference; lastKnownFileType = file.storyboard; name = Base; path = Base.lproj/LaunchScreen.storyboard; sourceTree = "<group>"; };
		D83C6392247A55B200CF0C3E /* Info.plist */ = {isa = PBXFileReference; lastKnownFileType = text.plist.xml; path = Info.plist; sourceTree = "<group>"; };
/* End PBXFileReference section */

/* Begin PBXFrameworksBuildPhase section */
		D83C637E247A55AF00CF0C3E /* Frameworks */ = {
			isa = PBXFrameworksBuildPhase;
			buildActionMask = 2147483647;
			files = (
			);
			runOnlyForDeploymentPostprocessing = 0;
		};
/* End PBXFrameworksBuildPhase section */

/* Begin PBXGroup section */
		D83C6378247A55AF00CF0C3E = {
			isa = PBXGroup;
			children = (
				D83C6383247A55AF00CF0C3E /* Stanford-SwiftUI */,
				D83C6382247A55AF00CF0C3E /* Products */,
			);
			sourceTree = "<group>";
		};
		D83C6382247A55AF00CF0C3E /* Products */ = {
			isa = PBXGroup;
			children = (
				D83C6381247A55AF00CF0C3E /* Stanford-SwiftUI.app */,
			);
			name = Products;
			sourceTree = "<group>";
		};
		D83C6383247A55AF00CF0C3E /* Stanford-SwiftUI */ = {
			isa = PBXGroup;
			children = (
				D83C6384247A55AF00CF0C3E /* AppDelegate.swift */,
				D83C6386247A55AF00CF0C3E /* SceneDelegate.swift */,
				D83C6388247A55AF00CF0C3E /* ContentView.swift */,
				D83C638A247A55B200CF0C3E /* Assets.xcassets */,
				D83C638F247A55B200CF0C3E /* LaunchScreen.storyboard */,
				D83C6392247A55B200CF0C3E /* Info.plist */,
				D83C638C247A55B200CF0C3E /* Preview Content */,
			);
			path = "Stanford-SwiftUI";
			sourceTree = "<group>";
		};
		D83C638C247A55B200CF0C3E /* Preview Content */ = {
			isa = PBXGroup;
			children = (
				D83C638D247A55B200CF0C3E /* Preview Assets.xcassets */,
			);
			path = "Preview Content";
			sourceTree = "<group>";
		};
/* End PBXGroup section */

/* Begin PBXNativeTarget section */
		D83C6380247A55AF00CF0C3E /* Stanford-SwiftUI */ = {
			isa = PBXNativeTarget;
			buildConfigurationList = D83C6395247A55B200CF0C3E /* Build configuration list for PBXNativeTarget "Stanford-SwiftUI" */;
			buildPhases = (
				D83C637D247A55AF00CF0C3E /* Sources */,
				D83C637E247A55AF00CF0C3E /* Frameworks */,
				D83C637F247A55AF00CF0C3E /* Resources */,
			);
			buildRules = (
			);
			dependencies = (
			);
			name = "Stanford-SwiftUI";
			productName = "Stanford-SwiftUI";
			productReference = D83C6381247A55AF00CF0C3E /* Stanford-SwiftUI.app */;
			productType = "com.apple.product-type.application";
		};
/* End PBXNativeTarget section */

/* Begin PBXProject section */
		D83C6379247A55AF00CF0C3E /* Project object */ = {
			isa = PBXProject;
			attributes = {
				LastSwiftUpdateCheck = 1140;
				LastUpgradeCheck = 1140;
				ORGANIZATIONNAME = "https://github.com/pavankumar-n-46/Stanford-SwiftUI .";
				TargetAttributes = {
					D83C6380247A55AF00CF0C3E = {
						CreatedOnToolsVersion = 11.4.1;
					};
				};
			};
			buildConfigurationList = D83C637C247A55AF00CF0C3E /* Build configuration list for PBXProject "Stanford-SwiftUI" */;
			compatibilityVersion = "Xcode 9.3";
			developmentRegion = en;
			hasScannedForEncodings = 0;
			knownRegions = (
				en,
				Base,
			);
			mainGroup = D83C6378247A55AF00CF0C3E;
			productRefGroup = D83C6382247A55AF00CF0C3E /* Products */;
			projectDirPath = "";
			projectRoot = "";
			targets = (
				D83C6380247A55AF00CF0C3E /* Stanford-SwiftUI */,
			);
		};
/* End PBXProject section */

/* Begin PBXResourcesBuildPhase section */
		D83C637F247A55AF00CF0C3E /* Resources */ = {
			isa = PBXResourcesBuildPhase;
			buildActionMask = 2147483647;
			files = (
				D83C6391247A55B200CF0C3E /* LaunchScreen.storyboard in Resources */,
				D83C638E247A55B200CF0C3E /* Preview Assets.xcassets in Resources */,
				D83C638B247A55B200CF0C3E /* Assets.xcassets in Resources */,
			);
			runOnlyForDeploymentPostprocessing = 0;
		};
/* End PBXResourcesBuildPhase section */

/* Begin PBXSourcesBuildPhase section */
		D83C637D247A55AF00CF0C3E /* Sources */ = {
			isa = PBXSourcesBuildPhase;
			buildActionMask = 2147483647;
			files = (
				D83C6385247A55AF00CF0C3E /* AppDelegate.swift in Sources */,
				D83C6387247A55AF00CF0C3E /* SceneDelegate.swift in Sources */,
				D83C6389247A55AF00CF0C3E /* ContentView.swift in Sources */,
			);
			runOnlyForDeploymentPostprocessing = 0;
		};
/* End PBXSourcesBuildPhase section */

/* Begin PBXVariantGroup section */
		D83C638F247A55B200CF0C3E /* LaunchScreen.storyboard */ = {
			isa = PBXVariantGroup;
			children = (
				D83C6390247A55B200CF0C3E /* Base */,
			);
			name = LaunchScreen.storyboard;
			sourceTree = "<group>";
		};
/* End PBXVariantGroup section */

/* Begin XCBuildConfiguration section */
		D83C6393247A55B200CF0C3E /* Debug */ = {
			isa = XCBuildConfiguration;
			buildSettings = {
				ALWAYS_SEARCH_USER_PATHS = NO;
				CLANG_ANALYZER_NONNULL = YES;
				CLANG_ANALYZER_NUMBER_OBJECT_CONVERSION = YES_AGGRESSIVE;
				CLANG_CXX_LANGUAGE_STANDARD = "gnu++14";
				CLANG_CXX_LIBRARY = "libc++";
				CLANG_ENABLE_MODULES = YES;
				CLANG_ENABLE_OBJC_ARC = YES;
				CLANG_ENABLE_OBJC_WEAK = YES;
				CLANG_WARN_BLOCK_CAPTURE_AUTORELEASING = YES;
				CLANG_WARN_BOOL_CONVERSION = YES;
				CLANG_WARN_COMMA = YES;
				CLANG_WARN_CONSTANT_CONVERSION = YES;
				CLANG_WARN_DEPRECATED_OBJC_IMPLEMENTATIONS = YES;
				CLANG_WARN_DIRECT_OBJC_ISA_USAGE = YES_ERROR;
				CLANG_WARN_DOCUMENTATION_COMMENTS = YES;
				CLANG_WARN_EMPTY_BODY = YES;
				CLANG_WARN_ENUM_CONVERSION = YES;
				CLANG_WARN_INFINITE_RECURSION = YES;
				CLANG_WARN_INT_CONVERSION = YES;
				CLANG_WARN_NON_LITERAL_NULL_CONVERSION = YES;
				CLANG_WARN_OBJC_IMPLICIT_RETAIN_SELF = YES;
				CLANG_WARN_OBJC_LITERAL_CONVERSION = YES;
				CLANG_WARN_OBJC_ROOT_CLASS = YES_ERROR;
				CLANG_WARN_RANGE_LOOP_ANALYSIS = YES;
				CLANG_WARN_STRICT_PROTOTYPES = YES;
				CLANG_WARN_SUSPICIOUS_MOVE = YES;
				CLANG_WARN_UNGUARDED_AVAILABILITY = YES_AGGRESSIVE;
				CLANG_WARN_UNREACHABLE_CODE = YES;
				CLANG_WARN__DUPLICATE_METHOD_MATCH = YES;
				COPY_PHASE_STRIP = NO;
				DEBUG_INFORMATION_FORMAT = dwarf;
				ENABLE_STRICT_OBJC_MSGSEND = YES;
				ENABLE_TESTABILITY = YES;
				GCC_C_LANGUAGE_STANDARD = gnu11;
				GCC_DYNAMIC_NO_PIC = NO;
				GCC_NO_COMMON_BLOCKS = YES;
				GCC_OPTIMIZATION_LEVEL = 0;
				GCC_PREPROCESSOR_DEFINITIONS = (
					"DEBUG=1",
					"$(inherited)",
				);
				GCC_WARN_64_TO_32_BIT_CONVERSION = YES;
				GCC_WARN_ABOUT_RETURN_TYPE = YES_ERROR;
				GCC_WARN_UNDECLARED_SELECTOR = YES;
				GCC_WARN_UNINITIALIZED_AUTOS = YES_AGGRESSIVE;
				GCC_WARN_UNUSED_FUNCTION = YES;
				GCC_WARN_UNUSED_VARIABLE = YES;
				IPHONEOS_DEPLOYMENT_TARGET = 13.4;
				MTL_ENABLE_DEBUG_INFO = INCLUDE_SOURCE;
				MTL_FAST_MATH = YES;
				ONLY_ACTIVE_ARCH = YES;
				SDKROOT = iphoneos;
				SWIFT_ACTIVE_COMPILATION_CONDITIONS = DEBUG;
				SWIFT_OPTIMIZATION_LEVEL = "-Onone";
			};
			name = Debug;
		};
		D83C6394247A55B200CF0C3E /* Release */ = {
			isa = XCBuildConfiguration;
			buildSettings = {
				ALWAYS_SEARCH_USER_PATHS = NO;
				CLANG_ANALYZER_NONNULL = YES;
				CLANG_ANALYZER_NUMBER_OBJECT_CONVERSION = YES_AGGRESSIVE;
				CLANG_CXX_LANGUAGE_STANDARD = "gnu++14";
				CLANG_CXX_LIBRARY = "libc++";
				CLANG_ENABLE_MODULES = YES;
				CLANG_ENABLE_OBJC_ARC = YES;
				CLANG_ENABLE_OBJC_WEAK = YES;
				CLANG_WARN_BLOCK_CAPTURE_AUTORELEASING = YES;
				CLANG_WARN_BOOL_CONVERSION = YES;
				CLANG_WARN_COMMA = YES;
				CLANG_WARN_CONSTANT_CONVERSION = YES;
				CLANG_WARN_DEPRECATED_OBJC_IMPLEMENTATIONS = YES;
				CLANG_WARN_DIRECT_OBJC_ISA_USAGE = YES_ERROR;
				CLANG_WARN_DOCUMENTATION_COMMENTS = YES;
				CLANG_WARN_EMPTY_BODY = YES;
				CLANG_WARN_ENUM_CONVERSION = YES;
				CLANG_WARN_INFINITE_RECURSION = YES;
				CLANG_WARN_INT_CONVERSION = YES;
				CLANG_WARN_NON_LITERAL_NULL_CONVERSION = YES;
				CLANG_WARN_OBJC_IMPLICIT_RETAIN_SELF = YES;
				CLANG_WARN_OBJC_LITERAL_CONVERSION = YES;
				CLANG_WARN_OBJC_ROOT_CLASS = YES_ERROR;
				CLANG_WARN_RANGE_LOOP_ANALYSIS = YES;
				CLANG_WARN_STRICT_PROTOTYPES = YES;
				CLANG_WARN_SUSPICIOUS_MOVE = YES;
				CLANG_WARN_UNGUARDED_AVAILABILITY = YES_AGGRESSIVE;
				CLANG_WARN_UNREACHABLE_CODE = YES;
				CLANG_WARN__DUPLICATE_METHOD_MATCH = YES;
				COPY_PHASE_STRIP = NO;
				DEBUG_INFORMATION_FORMAT = "dwarf-with-dsym";
				ENABLE_NS_ASSERTIONS = NO;
				ENABLE_STRICT_OBJC_MSGSEND = YES;
				GCC_C_LANGUAGE_STANDARD = gnu11;
				GCC_NO_COMMON_BLOCKS = YES;
				GCC_WARN_64_TO_32_BIT_CONVERSION = YES;
				GCC_WARN_ABOUT_RETURN_TYPE = YES_ERROR;
				GCC_WARN_UNDECLARED_SELECTOR = YES;
				GCC_WARN_UNINITIALIZED_AUTOS = YES_AGGRESSIVE;
				GCC_WARN_UNUSED_FUNCTION = YES;
				GCC_WARN_UNUSED_VARIABLE = YES;
				IPHONEOS_DEPLOYMENT_TARGET = 13.4;
				MTL_ENABLE_DEBUG_INFO = NO;
				MTL_FAST_MATH = YES;
				SDKROOT = iphoneos;
				SWIFT_COMPILATION_MODE = wholemodule;
				SWIFT_OPTIMIZATION_LEVEL = "-O";
				VALIDATE_PRODUCT = YES;
			};
			name = Release;
		};
		D83C6396247A55B200CF0C3E /* Debug */ = {
			isa = XCBuildConfiguration;
			buildSettings = {
				ASSETCATALOG_COMPILER_APPICON_NAME = AppIcon;
				CODE_SIGN_STYLE = Automatic;
				DEVELOPMENT_ASSET_PATHS = "\"Stanford-SwiftUI/Preview Content\"";
				DEVELOPMENT_TEAM = 9C6QDR8UV9;
				ENABLE_PREVIEWS = YES;
				INFOPLIST_FILE = "Stanford-SwiftUI/Info.plist";
				LD_RUNPATH_SEARCH_PATHS = (
					"$(inherited)",
					"@executable_path/Frameworks",
				);
				PRODUCT_BUNDLE_IDENTIFIER = "com.pavankumar.n.46.Stanford-SwiftUI";
				PRODUCT_NAME = "$(TARGET_NAME)";
				SWIFT_VERSION = 5.0;
				TARGETED_DEVICE_FAMILY = "1,2";
			};
			name = Debug;
		};
		D83C6397247A55B200CF0C3E /* Release */ = {
			isa = XCBuildConfiguration;
			buildSettings = {
				ASSETCATALOG_COMPILER_APPICON_NAME = AppIcon;
				CODE_SIGN_STYLE = Automatic;
				DEVELOPMENT_ASSET_PATHS = "\"Stanford-SwiftUI/Preview Content\"";
				DEVELOPMENT_TEAM = 9C6QDR8UV9;
				ENABLE_PREVIEWS = YES;
				INFOPLIST_FILE = "Stanford-SwiftUI/Info.plist";
				LD_RUNPATH_SEARCH_PATHS = (
					"$(inherited)",
					"@executable_path/Frameworks",
				);
				PRODUCT_BUNDLE_IDENTIFIER = "com.pavankumar.n.46.Stanford-SwiftUI";
				PRODUCT_NAME = "$(TARGET_NAME)";
				SWIFT_VERSION = 5.0;
				TARGETED_DEVICE_FAMILY = "1,2";
			};
			name = Release;
		};
/* End XCBuildConfiguration section */

/* Begin XCConfigurationList section */
		D83C637C247A55AF00CF0C3E /* Build configuration list for PBXProject "Stanford-SwiftUI" */ = {
			isa = XCConfigurationList;
			buildConfigurations = (
				D83C6393247A55B200CF0C3E /* Debug */,
				D83C6394247A55B200CF0C3E /* Release */,
			);
			defaultConfigurationIsVisible = 0;
			defaultConfigurationName = Release;
		};
		D83C6395247A55B200CF0C3E /* Build configuration list for PBXNativeTarget "Stanford-SwiftUI" */ = {
			isa = XCConfigurationList;
			buildConfigurations = (
				D83C6396247A55B200CF0C3E /* Debug */,
				D83C6397247A55B200CF0C3E /* Release */,
			);
			defaultConfigurationIsVisible = 0;
			defaultConfigurationName = Release;
		};
/* End XCConfigurationList section */
	};
	rootObject = D83C6379247A55AF00CF0C3E /* Project object */;
}
